// !$*UTF8*$!
{
	archiveVersion = 1;
	classes = {
	};
	objectVersion = 51;
	objects = {

/* Begin PBXBuildFile section */
		023EE426350D298D14C60FA4 /* Pods_CustomViewDesign_CustomViewDesignUITests.framework in Frameworks */ = {isa = PBXBuildFile; fileRef = 8A90E7BD3F89E8E937D30D90 /* Pods_CustomViewDesign_CustomViewDesignUITests.framework */; };
		2D046CB026689E2000E5E43E /* CollectionViewTableViewCell.swift in Sources */ = {isa = PBXBuildFile; fileRef = 2D046CAE26689E2000E5E43E /* CollectionViewTableViewCell.swift */; };
		2D046CB126689E2000E5E43E /* CollectionViewTableViewCell.xib in Resources */ = {isa = PBXBuildFile; fileRef = 2D046CAF26689E2000E5E43E /* CollectionViewTableViewCell.xib */; };
		2DF58B1C2665F64C0048FCAE /* AppDelegate.swift in Sources */ = {isa = PBXBuildFile; fileRef = 2DF58B1B2665F64C0048FCAE /* AppDelegate.swift */; };
		2DF58B1E2665F64C0048FCAE /* SceneDelegate.swift in Sources */ = {isa = PBXBuildFile; fileRef = 2DF58B1D2665F64C0048FCAE /* SceneDelegate.swift */; };
		2DF58B232665F64C0048FCAE /* Main.storyboard in Resources */ = {isa = PBXBuildFile; fileRef = 2DF58B212665F64C0048FCAE /* Main.storyboard */; };
		2DF58B252665F64F0048FCAE /* Assets.xcassets in Resources */ = {isa = PBXBuildFile; fileRef = 2DF58B242665F64F0048FCAE /* Assets.xcassets */; };
		2DF58B282665F64F0048FCAE /* LaunchScreen.storyboard in Resources */ = {isa = PBXBuildFile; fileRef = 2DF58B262665F64F0048FCAE /* LaunchScreen.storyboard */; };
		2DF58B332665F64F0048FCAE /* CustomViewDesignTests.swift in Sources */ = {isa = PBXBuildFile; fileRef = 2DF58B322665F64F0048FCAE /* CustomViewDesignTests.swift */; };
		2DF58B3E2665F64F0048FCAE /* CustomViewDesignUITests.swift in Sources */ = {isa = PBXBuildFile; fileRef = 2DF58B3D2665F64F0048FCAE /* CustomViewDesignUITests.swift */; };
		2DF58B4C2665F6EE0048FCAE /* TableUIView.swift in Sources */ = {isa = PBXBuildFile; fileRef = 2DF58B4B2665F6EE0048FCAE /* TableUIView.swift */; };
		2DF58B4E2665F6FD0048FCAE /* TableUIView.xib in Resources */ = {isa = PBXBuildFile; fileRef = 2DF58B4D2665F6FD0048FCAE /* TableUIView.xib */; };
		2DF58B522665F7820048FCAE /* TableViewDesignCell.swift in Sources */ = {isa = PBXBuildFile; fileRef = 2DF58B502665F7820048FCAE /* TableViewDesignCell.swift */; };
		2DF58B532665F7820048FCAE /* TableViewDesignCell.xib in Resources */ = {isa = PBXBuildFile; fileRef = 2DF58B512665F7820048FCAE /* TableViewDesignCell.xib */; };
		2DF58B552665FB130048FCAE /* MainVc.swift in Sources */ = {isa = PBXBuildFile; fileRef = 2DF58B542665FB130048FCAE /* MainVc.swift */; };
		2DF58B5B2665FC3E0048FCAE /* CustomView.swift in Sources */ = {isa = PBXBuildFile; fileRef = 2DF58B5A2665FC3E0048FCAE /* CustomView.swift */; };
		2DF58B5D266601590048FCAE /* CustomView.xib in Resources */ = {isa = PBXBuildFile; fileRef = 2DF58B5C266601590048FCAE /* CustomView.xib */; };
		2DF58B62266609960048FCAE /* SFProText-Regular.ttf in Resources */ = {isa = PBXBuildFile; fileRef = 2DF58B602666092F0048FCAE /* SFProText-Regular.ttf */; };
		2DF58B6A266638680048FCAE /* CollectionUIView.xib in Resources */ = {isa = PBXBuildFile; fileRef = 2DF58B69266638680048FCAE /* CollectionUIView.xib */; };
		2DF58B6C266638760048FCAE /* CollectionUIView.swift in Sources */ = {isa = PBXBuildFile; fileRef = 2DF58B6B266638760048FCAE /* CollectionUIView.swift */; };
		2DF58B6F2666393C0048FCAE /* CollectionViewDesignCell.swift in Sources */ = {isa = PBXBuildFile; fileRef = 2DF58B6D2666393C0048FCAE /* CollectionViewDesignCell.swift */; };
		2DF58B702666393C0048FCAE /* CollectionViewDesignCell.xib in Resources */ = {isa = PBXBuildFile; fileRef = 2DF58B6E2666393C0048FCAE /* CollectionViewDesignCell.xib */; };
		2DF58B7226667D310048FCAE /* ModelView.xib in Resources */ = {isa = PBXBuildFile; fileRef = 2DF58B7126667D310048FCAE /* ModelView.xib */; };
		2DF58B7426667D560048FCAE /* ModelView.swift in Sources */ = {isa = PBXBuildFile; fileRef = 2DF58B7326667D560048FCAE /* ModelView.swift */; };
		2DFB2CB826673DCC00CFE879 /* NewView.xib in Resources */ = {isa = PBXBuildFile; fileRef = 2DFB2CB726673DCC00CFE879 /* NewView.xib */; };
		2DFB2CBA2667408800CFE879 /* NewView.swift in Sources */ = {isa = PBXBuildFile; fileRef = 2DFB2CB92667408800CFE879 /* NewView.swift */; };
		2DFB2CBC2667882000CFE879 /* ScrollView.xib in Resources */ = {isa = PBXBuildFile; fileRef = 2DFB2CBB2667882000CFE879 /* ScrollView.xib */; };
		2DFB2CBE2667E0DB00CFE879 /* ScrollView.swift in Sources */ = {isa = PBXBuildFile; fileRef = 2DFB2CBD2667E0DB00CFE879 /* ScrollView.swift */; };
		3AA9A45DD91D140E85E7924F /* Pods_CustomViewDesign.framework in Frameworks */ = {isa = PBXBuildFile; fileRef = B66B6D5EBCBD6EED13FD4979 /* Pods_CustomViewDesign.framework */; };
		FBBCD85B919FCADBFDFC2FE9 /* Pods_CustomViewDesignTests.framework in Frameworks */ = {isa = PBXBuildFile; fileRef = D76464D1907EB3C95DA4AF4E /* Pods_CustomViewDesignTests.framework */; };
/* End PBXBuildFile section */

/* Begin PBXContainerItemProxy section */
		2DF58B2F2665F64F0048FCAE /* PBXContainerItemProxy */ = {
			isa = PBXContainerItemProxy;
			containerPortal = 2DF58B102665F64C0048FCAE /* Project object */;
			proxyType = 1;
			remoteGlobalIDString = 2DF58B172665F64C0048FCAE;
			remoteInfo = CustomViewDesign;
		};
		2DF58B3A2665F64F0048FCAE /* PBXContainerItemProxy */ = {
			isa = PBXContainerItemProxy;
			containerPortal = 2DF58B102665F64C0048FCAE /* Project object */;
			proxyType = 1;
			remoteGlobalIDString = 2DF58B172665F64C0048FCAE;
			remoteInfo = CustomViewDesign;
		};
/* End PBXContainerItemProxy section */

/* Begin PBXFileReference section */
		022351A3A51F297579A177F9 /* Pods-CustomViewDesign.debug.xcconfig */ = {isa = PBXFileReference; includeInIndex = 1; lastKnownFileType = text.xcconfig; name = "Pods-CustomViewDesign.debug.xcconfig"; path = "Target Support Files/Pods-CustomViewDesign/Pods-CustomViewDesign.debug.xcconfig"; sourceTree = "<group>"; };
		2D046CAE26689E2000E5E43E /* CollectionViewTableViewCell.swift */ = {isa = PBXFileReference; lastKnownFileType = sourcecode.swift; path = CollectionViewTableViewCell.swift; sourceTree = "<group>"; };
		2D046CAF26689E2000E5E43E /* CollectionViewTableViewCell.xib */ = {isa = PBXFileReference; lastKnownFileType = file.xib; path = CollectionViewTableViewCell.xib; sourceTree = "<group>"; };
		2DF58B182665F64C0048FCAE /* CustomViewDesign.app */ = {isa = PBXFileReference; explicitFileType = wrapper.application; includeInIndex = 0; path = CustomViewDesign.app; sourceTree = BUILT_PRODUCTS_DIR; };
		2DF58B1B2665F64C0048FCAE /* AppDelegate.swift */ = {isa = PBXFileReference; lastKnownFileType = sourcecode.swift; path = AppDelegate.swift; sourceTree = "<group>"; };
		2DF58B1D2665F64C0048FCAE /* SceneDelegate.swift */ = {isa = PBXFileReference; lastKnownFileType = sourcecode.swift; path = SceneDelegate.swift; sourceTree = "<group>"; };
		2DF58B222665F64C0048FCAE /* Base */ = {isa = PBXFileReference; lastKnownFileType = file.storyboard; name = Base; path = Base.lproj/Main.storyboard; sourceTree = "<group>"; };
		2DF58B242665F64F0048FCAE /* Assets.xcassets */ = {isa = PBXFileReference; lastKnownFileType = folder.assetcatalog; path = Assets.xcassets; sourceTree = "<group>"; };
		2DF58B272665F64F0048FCAE /* Base */ = {isa = PBXFileReference; lastKnownFileType = file.storyboard; name = Base; path = Base.lproj/LaunchScreen.storyboard; sourceTree = "<group>"; };
		2DF58B292665F64F0048FCAE /* Info.plist */ = {isa = PBXFileReference; lastKnownFileType = text.plist.xml; path = Info.plist; sourceTree = "<group>"; };
		2DF58B2E2665F64F0048FCAE /* CustomViewDesignTests.xctest */ = {isa = PBXFileReference; explicitFileType = wrapper.cfbundle; includeInIndex = 0; path = CustomViewDesignTests.xctest; sourceTree = BUILT_PRODUCTS_DIR; };
		2DF58B322665F64F0048FCAE /* CustomViewDesignTests.swift */ = {isa = PBXFileReference; lastKnownFileType = sourcecode.swift; path = CustomViewDesignTests.swift; sourceTree = "<group>"; };
		2DF58B342665F64F0048FCAE /* Info.plist */ = {isa = PBXFileReference; lastKnownFileType = text.plist.xml; path = Info.plist; sourceTree = "<group>"; };
		2DF58B392665F64F0048FCAE /* CustomViewDesignUITests.xctest */ = {isa = PBXFileReference; explicitFileType = wrapper.cfbundle; includeInIndex = 0; path = CustomViewDesignUITests.xctest; sourceTree = BUILT_PRODUCTS_DIR; };
		2DF58B3D2665F64F0048FCAE /* CustomViewDesignUITests.swift */ = {isa = PBXFileReference; lastKnownFileType = sourcecode.swift; path = CustomViewDesignUITests.swift; sourceTree = "<group>"; };
		2DF58B3F2665F64F0048FCAE /* Info.plist */ = {isa = PBXFileReference; lastKnownFileType = text.plist.xml; path = Info.plist; sourceTree = "<group>"; };
		2DF58B4B2665F6EE0048FCAE /* TableUIView.swift */ = {isa = PBXFileReference; lastKnownFileType = sourcecode.swift; path = TableUIView.swift; sourceTree = "<group>"; };
		2DF58B4D2665F6FD0048FCAE /* TableUIView.xib */ = {isa = PBXFileReference; lastKnownFileType = file.xib; path = TableUIView.xib; sourceTree = "<group>"; };
		2DF58B502665F7820048FCAE /* TableViewDesignCell.swift */ = {isa = PBXFileReference; lastKnownFileType = sourcecode.swift; path = TableViewDesignCell.swift; sourceTree = "<group>"; };
		2DF58B512665F7820048FCAE /* TableViewDesignCell.xib */ = {isa = PBXFileReference; lastKnownFileType = file.xib; path = TableViewDesignCell.xib; sourceTree = "<group>"; };
		2DF58B542665FB130048FCAE /* MainVc.swift */ = {isa = PBXFileReference; lastKnownFileType = sourcecode.swift; path = MainVc.swift; sourceTree = "<group>"; };
		2DF58B5A2665FC3E0048FCAE /* CustomView.swift */ = {isa = PBXFileReference; lastKnownFileType = sourcecode.swift; path = CustomView.swift; sourceTree = "<group>"; };
		2DF58B5C266601590048FCAE /* CustomView.xib */ = {isa = PBXFileReference; lastKnownFileType = file.xib; path = CustomView.xib; sourceTree = "<group>"; };
		2DF58B602666092F0048FCAE /* SFProText-Regular.ttf */ = {isa = PBXFileReference; lastKnownFileType = file; path = "SFProText-Regular.ttf"; sourceTree = "<group>"; };
		2DF58B69266638680048FCAE /* CollectionUIView.xib */ = {isa = PBXFileReference; lastKnownFileType = file.xib; path = CollectionUIView.xib; sourceTree = "<group>"; };
		2DF58B6B266638760048FCAE /* CollectionUIView.swift */ = {isa = PBXFileReference; lastKnownFileType = sourcecode.swift; path = CollectionUIView.swift; sourceTree = "<group>"; };
		2DF58B6D2666393C0048FCAE /* CollectionViewDesignCell.swift */ = {isa = PBXFileReference; lastKnownFileType = sourcecode.swift; path = CollectionViewDesignCell.swift; sourceTree = "<group>"; };
		2DF58B6E2666393C0048FCAE /* CollectionViewDesignCell.xib */ = {isa = PBXFileReference; lastKnownFileType = file.xib; path = CollectionViewDesignCell.xib; sourceTree = "<group>"; };
		2DF58B7126667D310048FCAE /* ModelView.xib */ = {isa = PBXFileReference; lastKnownFileType = file.xib; path = ModelView.xib; sourceTree = "<group>"; };
		2DF58B7326667D560048FCAE /* ModelView.swift */ = {isa = PBXFileReference; lastKnownFileType = sourcecode.swift; path = ModelView.swift; sourceTree = "<group>"; };
		2DFB2CB726673DCC00CFE879 /* NewView.xib */ = {isa = PBXFileReference; lastKnownFileType = file.xib; path = NewView.xib; sourceTree = "<group>"; };
		2DFB2CB92667408800CFE879 /* NewView.swift */ = {isa = PBXFileReference; lastKnownFileType = sourcecode.swift; path = NewView.swift; sourceTree = "<group>"; };
		2DFB2CBB2667882000CFE879 /* ScrollView.xib */ = {isa = PBXFileReference; lastKnownFileType = file.xib; path = ScrollView.xib; sourceTree = "<group>"; };
		2DFB2CBD2667E0DB00CFE879 /* ScrollView.swift */ = {isa = PBXFileReference; lastKnownFileType = sourcecode.swift; path = ScrollView.swift; sourceTree = "<group>"; };
		57D374B7647234ED31736B79 /* Pods-CustomViewDesign-CustomViewDesignUITests.debug.xcconfig */ = {isa = PBXFileReference; includeInIndex = 1; lastKnownFileType = text.xcconfig; name = "Pods-CustomViewDesign-CustomViewDesignUITests.debug.xcconfig"; path = "Target Support Files/Pods-CustomViewDesign-CustomViewDesignUITests/Pods-CustomViewDesign-CustomViewDesignUITests.debug.xcconfig"; sourceTree = "<group>"; };
		58FB72C5370D2A019AE32691 /* Pods-CustomViewDesignTests.release.xcconfig */ = {isa = PBXFileReference; includeInIndex = 1; lastKnownFileType = text.xcconfig; name = "Pods-CustomViewDesignTests.release.xcconfig"; path = "Target Support Files/Pods-CustomViewDesignTests/Pods-CustomViewDesignTests.release.xcconfig"; sourceTree = "<group>"; };
		7C484BE4341243B0E7067424 /* Pods-CustomViewDesign-CustomViewDesignUITests.release.xcconfig */ = {isa = PBXFileReference; includeInIndex = 1; lastKnownFileType = text.xcconfig; name = "Pods-CustomViewDesign-CustomViewDesignUITests.release.xcconfig"; path = "Target Support Files/Pods-CustomViewDesign-CustomViewDesignUITests/Pods-CustomViewDesign-CustomViewDesignUITests.release.xcconfig"; sourceTree = "<group>"; };
		8A90E7BD3F89E8E937D30D90 /* Pods_CustomViewDesign_CustomViewDesignUITests.framework */ = {isa = PBXFileReference; explicitFileType = wrapper.framework; includeInIndex = 0; path = Pods_CustomViewDesign_CustomViewDesignUITests.framework; sourceTree = BUILT_PRODUCTS_DIR; };
		AD5E36103680EDA668CF2929 /* Pods-CustomViewDesign.release.xcconfig */ = {isa = PBXFileReference; includeInIndex = 1; lastKnownFileType = text.xcconfig; name = "Pods-CustomViewDesign.release.xcconfig"; path = "Target Support Files/Pods-CustomViewDesign/Pods-CustomViewDesign.release.xcconfig"; sourceTree = "<group>"; };
		B66B6D5EBCBD6EED13FD4979 /* Pods_CustomViewDesign.framework */ = {isa = PBXFileReference; explicitFileType = wrapper.framework; includeInIndex = 0; path = Pods_CustomViewDesign.framework; sourceTree = BUILT_PRODUCTS_DIR; };
		D76464D1907EB3C95DA4AF4E /* Pods_CustomViewDesignTests.framework */ = {isa = PBXFileReference; explicitFileType = wrapper.framework; includeInIndex = 0; path = Pods_CustomViewDesignTests.framework; sourceTree = BUILT_PRODUCTS_DIR; };
		F8D7C018523A9401823DFEE7 /* Pods-CustomViewDesignTests.debug.xcconfig */ = {isa = PBXFileReference; includeInIndex = 1; lastKnownFileType = text.xcconfig; name = "Pods-CustomViewDesignTests.debug.xcconfig"; path = "Target Support Files/Pods-CustomViewDesignTests/Pods-CustomViewDesignTests.debug.xcconfig"; sourceTree = "<group>"; };
/* End PBXFileReference section */

/* Begin PBXFrameworksBuildPhase section */
		2DF58B152665F64C0048FCAE /* Frameworks */ = {
			isa = PBXFrameworksBuildPhase;
			buildActionMask = 2147483647;
			files = (
				3AA9A45DD91D140E85E7924F /* Pods_CustomViewDesign.framework in Frameworks */,
			);
			runOnlyForDeploymentPostprocessing = 0;
		};
		2DF58B2B2665F64F0048FCAE /* Frameworks */ = {
			isa = PBXFrameworksBuildPhase;
			buildActionMask = 2147483647;
			files = (
				FBBCD85B919FCADBFDFC2FE9 /* Pods_CustomViewDesignTests.framework in Frameworks */,
			);
			runOnlyForDeploymentPostprocessing = 0;
		};
		2DF58B362665F64F0048FCAE /* Frameworks */ = {
			isa = PBXFrameworksBuildPhase;
			buildActionMask = 2147483647;
			files = (
				023EE426350D298D14C60FA4 /* Pods_CustomViewDesign_CustomViewDesignUITests.framework in Frameworks */,
			);
			runOnlyForDeploymentPostprocessing = 0;
		};
/* End PBXFrameworksBuildPhase section */

/* Begin PBXGroup section */
		2D046CAD26689DFB00E5E43E /* ModelClasses */ = {
			isa = PBXGroup;
			children = (
				2DFB2CBD2667E0DB00CFE879 /* ScrollView.swift */,
				2DF58B5A2665FC3E0048FCAE /* CustomView.swift */,
				2DF58B5C266601590048FCAE /* CustomView.xib */,
				2DFB2CB726673DCC00CFE879 /* NewView.xib */,
				2DFB2CB92667408800CFE879 /* NewView.swift */,
				2DFB2CBB2667882000CFE879 /* ScrollView.xib */,
				2D046CAE26689E2000E5E43E /* CollectionViewTableViewCell.swift */,
				2D046CAF26689E2000E5E43E /* CollectionViewTableViewCell.xib */,
			);
			path = ModelClasses;
			sourceTree = "<group>";
		};
		2DF58B0F2665F64C0048FCAE = {
			isa = PBXGroup;
			children = (
				2DF58B1A2665F64C0048FCAE /* CustomViewDesign */,
				2DF58B312665F64F0048FCAE /* CustomViewDesignTests */,
				2DF58B3C2665F64F0048FCAE /* CustomViewDesignUITests */,
				2DF58B192665F64C0048FCAE /* Products */,
				31CDCBE11FC1352DBD8A8097 /* Pods */,
				8D2801AE724BE9926E6DD1B0 /* Frameworks */,
			);
			sourceTree = "<group>";
		};
		2DF58B192665F64C0048FCAE /* Products */ = {
			isa = PBXGroup;
			children = (
				2DF58B182665F64C0048FCAE /* CustomViewDesign.app */,
				2DF58B2E2665F64F0048FCAE /* CustomViewDesignTests.xctest */,
				2DF58B392665F64F0048FCAE /* CustomViewDesignUITests.xctest */,
			);
			name = Products;
			sourceTree = "<group>";
		};
		2DF58B1A2665F64C0048FCAE /* CustomViewDesign */ = {
			isa = PBXGroup;
			children = (
				2DF58B682666384F0048FCAE /* CollectionViewDesign */,
				2DF58B1B2665F64C0048FCAE /* AppDelegate.swift */,
				2DF58B1D2665F64C0048FCAE /* SceneDelegate.swift */,
				2DF58B212665F64C0048FCAE /* Main.storyboard */,
				2DF58B242665F64F0048FCAE /* Assets.xcassets */,
				2DF58B262665F64F0048FCAE /* LaunchScreen.storyboard */,
				2DF58B292665F64F0048FCAE /* Info.plist */,
				2DF58B602666092F0048FCAE /* SFProText-Regular.ttf */,
				2DF58B4F2665F7480048FCAE /* TableViewDesign */,
				2DF58B542665FB130048FCAE /* MainVc.swift */,
				2DF58B7326667D560048FCAE /* ModelView.swift */,
				2D046CAD26689DFB00E5E43E /* ModelClasses */,
				2DF58B7126667D310048FCAE /* ModelView.xib */,
			);
			path = CustomViewDesign;
			sourceTree = "<group>";
		};
		2DF58B312665F64F0048FCAE /* CustomViewDesignTests */ = {
			isa = PBXGroup;
			children = (
				2DF58B322665F64F0048FCAE /* CustomViewDesignTests.swift */,
				2DF58B342665F64F0048FCAE /* Info.plist */,
			);
			path = CustomViewDesignTests;
			sourceTree = "<group>";
		};
		2DF58B3C2665F64F0048FCAE /* CustomViewDesignUITests */ = {
			isa = PBXGroup;
			children = (
				2DF58B3D2665F64F0048FCAE /* CustomViewDesignUITests.swift */,
				2DF58B3F2665F64F0048FCAE /* Info.plist */,
			);
			path = CustomViewDesignUITests;
			sourceTree = "<group>";
		};
		2DF58B4F2665F7480048FCAE /* TableViewDesign */ = {
			isa = PBXGroup;
			children = (
				2DF58B4B2665F6EE0048FCAE /* TableUIView.swift */,
				2DF58B4D2665F6FD0048FCAE /* TableUIView.xib */,
				2DF58B502665F7820048FCAE /* TableViewDesignCell.swift */,
				2DF58B512665F7820048FCAE /* TableViewDesignCell.xib */,
			);
			path = TableViewDesign;
			sourceTree = "<group>";
		};
		2DF58B682666384F0048FCAE /* CollectionViewDesign */ = {
			isa = PBXGroup;
			children = (
				2DF58B69266638680048FCAE /* CollectionUIView.xib */,
				2DF58B6B266638760048FCAE /* CollectionUIView.swift */,
				2DF58B6D2666393C0048FCAE /* CollectionViewDesignCell.swift */,
				2DF58B6E2666393C0048FCAE /* CollectionViewDesignCell.xib */,
			);
			path = CollectionViewDesign;
			sourceTree = "<group>";
		};
		31CDCBE11FC1352DBD8A8097 /* Pods */ = {
			isa = PBXGroup;
			children = (
				022351A3A51F297579A177F9 /* Pods-CustomViewDesign.debug.xcconfig */,
				AD5E36103680EDA668CF2929 /* Pods-CustomViewDesign.release.xcconfig */,
				57D374B7647234ED31736B79 /* Pods-CustomViewDesign-CustomViewDesignUITests.debug.xcconfig */,
				7C484BE4341243B0E7067424 /* Pods-CustomViewDesign-CustomViewDesignUITests.release.xcconfig */,
				F8D7C018523A9401823DFEE7 /* Pods-CustomViewDesignTests.debug.xcconfig */,
				58FB72C5370D2A019AE32691 /* Pods-CustomViewDesignTests.release.xcconfig */,
			);
			path = Pods;
			sourceTree = "<group>";
		};
		8D2801AE724BE9926E6DD1B0 /* Frameworks */ = {
			isa = PBXGroup;
			children = (
				B66B6D5EBCBD6EED13FD4979 /* Pods_CustomViewDesign.framework */,
				8A90E7BD3F89E8E937D30D90 /* Pods_CustomViewDesign_CustomViewDesignUITests.framework */,
				D76464D1907EB3C95DA4AF4E /* Pods_CustomViewDesignTests.framework */,
			);
			name = Frameworks;
			sourceTree = "<group>";
		};
/* End PBXGroup section */

/* Begin PBXNativeTarget section */
		2DF58B172665F64C0048FCAE /* CustomViewDesign */ = {
			isa = PBXNativeTarget;
			buildConfigurationList = 2DF58B422665F64F0048FCAE /* Build configuration list for PBXNativeTarget "CustomViewDesign" */;
			buildPhases = (
				3C2192251E29D7E6F14A77D7 /* [CP] Check Pods Manifest.lock */,
				2DF58B142665F64C0048FCAE /* Sources */,
				2DF58B152665F64C0048FCAE /* Frameworks */,
				2DF58B162665F64C0048FCAE /* Resources */,
				DDB9499B3BDF9EF7492255EB /* [CP] Embed Pods Frameworks */,
			);
			buildRules = (
			);
			dependencies = (
			);
			name = CustomViewDesign;
			productName = CustomViewDesign;
			productReference = 2DF58B182665F64C0048FCAE /* CustomViewDesign.app */;
			productType = "com.apple.product-type.application";
		};
		2DF58B2D2665F64F0048FCAE /* CustomViewDesignTests */ = {
			isa = PBXNativeTarget;
			buildConfigurationList = 2DF58B452665F64F0048FCAE /* Build configuration list for PBXNativeTarget "CustomViewDesignTests" */;
			buildPhases = (
				626067A50B60C8ACE473C0B3 /* [CP] Check Pods Manifest.lock */,
				2DF58B2A2665F64F0048FCAE /* Sources */,
				2DF58B2B2665F64F0048FCAE /* Frameworks */,
				2DF58B2C2665F64F0048FCAE /* Resources */,
			);
			buildRules = (
			);
			dependencies = (
				2DF58B302665F64F0048FCAE /* PBXTargetDependency */,
			);
			name = CustomViewDesignTests;
			productName = CustomViewDesignTests;
			productReference = 2DF58B2E2665F64F0048FCAE /* CustomViewDesignTests.xctest */;
			productType = "com.apple.product-type.bundle.unit-test";
		};
		2DF58B382665F64F0048FCAE /* CustomViewDesignUITests */ = {
			isa = PBXNativeTarget;
			buildConfigurationList = 2DF58B482665F64F0048FCAE /* Build configuration list for PBXNativeTarget "CustomViewDesignUITests" */;
			buildPhases = (
				BBED265080FEDDB96078039F /* [CP] Check Pods Manifest.lock */,
				2DF58B352665F64F0048FCAE /* Sources */,
				2DF58B362665F64F0048FCAE /* Frameworks */,
				2DF58B372665F64F0048FCAE /* Resources */,
				FDC2E756C4F6837C5FEDB828 /* [CP] Embed Pods Frameworks */,
			);
			buildRules = (
			);
			dependencies = (
				2DF58B3B2665F64F0048FCAE /* PBXTargetDependency */,
			);
			name = CustomViewDesignUITests;
			productName = CustomViewDesignUITests;
			productReference = 2DF58B392665F64F0048FCAE /* CustomViewDesignUITests.xctest */;
			productType = "com.apple.product-type.bundle.ui-testing";
		};
/* End PBXNativeTarget section */

/* Begin PBXProject section */
		2DF58B102665F64C0048FCAE /* Project object */ = {
			isa = PBXProject;
			attributes = {
				LastSwiftUpdateCheck = 1250;
				LastUpgradeCheck = 1250;
				TargetAttributes = {
					2DF58B172665F64C0048FCAE = {
						CreatedOnToolsVersion = 12.5;
					};
					2DF58B2D2665F64F0048FCAE = {
						CreatedOnToolsVersion = 12.5;
						TestTargetID = 2DF58B172665F64C0048FCAE;
					};
					2DF58B382665F64F0048FCAE = {
						CreatedOnToolsVersion = 12.5;
						TestTargetID = 2DF58B172665F64C0048FCAE;
					};
				};
			};
			buildConfigurationList = 2DF58B132665F64C0048FCAE /* Build configuration list for PBXProject "CustomViewDesign" */;
			compatibilityVersion = "Xcode 9.3";
			developmentRegion = en;
			hasScannedForEncodings = 0;
			knownRegions = (
				en,
				Base,
			);
			mainGroup = 2DF58B0F2665F64C0048FCAE;
			productRefGroup = 2DF58B192665F64C0048FCAE /* Products */;
			projectDirPath = "";
			projectRoot = "";
			targets = (
				2DF58B172665F64C0048FCAE /* CustomViewDesign */,
				2DF58B2D2665F64F0048FCAE /* CustomViewDesignTests */,
				2DF58B382665F64F0048FCAE /* CustomViewDesignUITests */,
			);
		};
/* End PBXProject section */

/* Begin PBXResourcesBuildPhase section */
		2DF58B162665F64C0048FCAE /* Resources */ = {
			isa = PBXResourcesBuildPhase;
			buildActionMask = 2147483647;
			files = (
				2DF58B282665F64F0048FCAE /* LaunchScreen.storyboard in Resources */,
				2DF58B532665F7820048FCAE /* TableViewDesignCell.xib in Resources */,
				2DFB2CB826673DCC00CFE879 /* NewView.xib in Resources */,
				2DF58B6A266638680048FCAE /* CollectionUIView.xib in Resources */,
				2DF58B62266609960048FCAE /* SFProText-Regular.ttf in Resources */,
				2DFB2CBC2667882000CFE879 /* ScrollView.xib in Resources */,
				2DF58B7226667D310048FCAE /* ModelView.xib in Resources */,
				2DF58B702666393C0048FCAE /* CollectionViewDesignCell.xib in Resources */,
				2DF58B4E2665F6FD0048FCAE /* TableUIView.xib in Resources */,
				2D046CB126689E2000E5E43E /* CollectionViewTableViewCell.xib in Resources */,
				2DF58B252665F64F0048FCAE /* Assets.xcassets in Resources */,
				2DF58B232665F64C0048FCAE /* Main.storyboard in Resources */,
				2DF58B5D266601590048FCAE /* CustomView.xib in Resources */,
			);
			runOnlyForDeploymentPostprocessing = 0;
		};
		2DF58B2C2665F64F0048FCAE /* Resources */ = {
			isa = PBXResourcesBuildPhase;
			buildActionMask = 2147483647;
			files = (
			);
			runOnlyForDeploymentPostprocessing = 0;
		};
		2DF58B372665F64F0048FCAE /* Resources */ = {
			isa = PBXResourcesBuildPhase;
			buildActionMask = 2147483647;
			files = (
			);
			runOnlyForDeploymentPostprocessing = 0;
		};
/* End PBXResourcesBuildPhase section */

/* Begin PBXShellScriptBuildPhase section */
		3C2192251E29D7E6F14A77D7 /* [CP] Check Pods Manifest.lock */ = {
			isa = PBXShellScriptBuildPhase;
			buildActionMask = 2147483647;
			files = (
			);
			inputFileListPaths = (
			);
			inputPaths = (
				"${PODS_PODFILE_DIR_PATH}/Podfile.lock",
				"${PODS_ROOT}/Manifest.lock",
			);
			name = "[CP] Check Pods Manifest.lock";
			outputFileListPaths = (
			);
			outputPaths = (
				"$(DERIVED_FILE_DIR)/Pods-CustomViewDesign-checkManifestLockResult.txt",
			);
			runOnlyForDeploymentPostprocessing = 0;
			shellPath = /bin/sh;
			shellScript = "diff \"${PODS_PODFILE_DIR_PATH}/Podfile.lock\" \"${PODS_ROOT}/Manifest.lock\" > /dev/null\nif [ $? != 0 ] ; then\n    # print error to STDERR\n    echo \"error: The sandbox is not in sync with the Podfile.lock. Run 'pod install' or update your CocoaPods installation.\" >&2\n    exit 1\nfi\n# This output is used by Xcode 'outputs' to avoid re-running this script phase.\necho \"SUCCESS\" > \"${SCRIPT_OUTPUT_FILE_0}\"\n";
			showEnvVarsInLog = 0;
		};
		626067A50B60C8ACE473C0B3 /* [CP] Check Pods Manifest.lock */ = {
			isa = PBXShellScriptBuildPhase;
			buildActionMask = 2147483647;
			files = (
			);
			inputFileListPaths = (
			);
			inputPaths = (
				"${PODS_PODFILE_DIR_PATH}/Podfile.lock",
				"${PODS_ROOT}/Manifest.lock",
			);
			name = "[CP] Check Pods Manifest.lock";
			outputFileListPaths = (
			);
			outputPaths = (
				"$(DERIVED_FILE_DIR)/Pods-CustomViewDesignTests-checkManifestLockResult.txt",
			);
			runOnlyForDeploymentPostprocessing = 0;
			shellPath = /bin/sh;
			shellScript = "diff \"${PODS_PODFILE_DIR_PATH}/Podfile.lock\" \"${PODS_ROOT}/Manifest.lock\" > /dev/null\nif [ $? != 0 ] ; then\n    # print error to STDERR\n    echo \"error: The sandbox is not in sync with the Podfile.lock. Run 'pod install' or update your CocoaPods installation.\" >&2\n    exit 1\nfi\n# This output is used by Xcode 'outputs' to avoid re-running this script phase.\necho \"SUCCESS\" > \"${SCRIPT_OUTPUT_FILE_0}\"\n";
			showEnvVarsInLog = 0;
		};
		BBED265080FEDDB96078039F /* [CP] Check Pods Manifest.lock */ = {
			isa = PBXShellScriptBuildPhase;
			buildActionMask = 2147483647;
			files = (
			);
			inputFileListPaths = (
			);
			inputPaths = (
				"${PODS_PODFILE_DIR_PATH}/Podfile.lock",
				"${PODS_ROOT}/Manifest.lock",
			);
			name = "[CP] Check Pods Manifest.lock";
			outputFileListPaths = (
			);
			outputPaths = (
				"$(DERIVED_FILE_DIR)/Pods-CustomViewDesign-CustomViewDesignUITests-checkManifestLockResult.txt",
			);
			runOnlyForDeploymentPostprocessing = 0;
			shellPath = /bin/sh;
			shellScript = "diff \"${PODS_PODFILE_DIR_PATH}/Podfile.lock\" \"${PODS_ROOT}/Manifest.lock\" > /dev/null\nif [ $? != 0 ] ; then\n    # print error to STDERR\n    echo \"error: The sandbox is not in sync with the Podfile.lock. Run 'pod install' or update your CocoaPods installation.\" >&2\n    exit 1\nfi\n# This output is used by Xcode 'outputs' to avoid re-running this script phase.\necho \"SUCCESS\" > \"${SCRIPT_OUTPUT_FILE_0}\"\n";
			showEnvVarsInLog = 0;
		};
		DDB9499B3BDF9EF7492255EB /* [CP] Embed Pods Frameworks */ = {
			isa = PBXShellScriptBuildPhase;
			buildActionMask = 2147483647;
			files = (
			);
			inputFileListPaths = (
				"${PODS_ROOT}/Target Support Files/Pods-CustomViewDesign/Pods-CustomViewDesign-frameworks-${CONFIGURATION}-input-files.xcfilelist",
			);
			name = "[CP] Embed Pods Frameworks";
			outputFileListPaths = (
				"${PODS_ROOT}/Target Support Files/Pods-CustomViewDesign/Pods-CustomViewDesign-frameworks-${CONFIGURATION}-output-files.xcfilelist",
			);
			runOnlyForDeploymentPostprocessing = 0;
			shellPath = /bin/sh;
			shellScript = "\"${PODS_ROOT}/Target Support Files/Pods-CustomViewDesign/Pods-CustomViewDesign-frameworks.sh\"\n";
			showEnvVarsInLog = 0;
		};
		FDC2E756C4F6837C5FEDB828 /* [CP] Embed Pods Frameworks */ = {
			isa = PBXShellScriptBuildPhase;
			buildActionMask = 2147483647;
			files = (
			);
			inputFileListPaths = (
				"${PODS_ROOT}/Target Support Files/Pods-CustomViewDesign-CustomViewDesignUITests/Pods-CustomViewDesign-CustomViewDesignUITests-frameworks-${CONFIGURATION}-input-files.xcfilelist",
			);
			name = "[CP] Embed Pods Frameworks";
			outputFileListPaths = (
				"${PODS_ROOT}/Target Support Files/Pods-CustomViewDesign-CustomViewDesignUITests/Pods-CustomViewDesign-CustomViewDesignUITests-frameworks-${CONFIGURATION}-output-files.xcfilelist",
			);
			runOnlyForDeploymentPostprocessing = 0;
			shellPath = /bin/sh;
			shellScript = "\"${PODS_ROOT}/Target Support Files/Pods-CustomViewDesign-CustomViewDesignUITests/Pods-CustomViewDesign-CustomViewDesignUITests-frameworks.sh\"\n";
			showEnvVarsInLog = 0;
		};
/* End PBXShellScriptBuildPhase section */

/* Begin PBXSourcesBuildPhase section */
		2DF58B142665F64C0048FCAE /* Sources */ = {
			isa = PBXSourcesBuildPhase;
			buildActionMask = 2147483647;
			files = (
				2DF58B6C266638760048FCAE /* CollectionUIView.swift in Sources */,
				2DFB2CBE2667E0DB00CFE879 /* ScrollView.swift in Sources */,
				2D046CB026689E2000E5E43E /* CollectionViewTableViewCell.swift in Sources */,
				2DF58B4C2665F6EE0048FCAE /* TableUIView.swift in Sources */,
				2DF58B6F2666393C0048FCAE /* CollectionViewDesignCell.swift in Sources */,
				2DFB2CBA2667408800CFE879 /* NewView.swift in Sources */,
				2DF58B7426667D560048FCAE /* ModelView.swift in Sources */,
				2DF58B552665FB130048FCAE /* MainVc.swift in Sources */,
				2DF58B522665F7820048FCAE /* TableViewDesignCell.swift in Sources */,
				2DF58B5B2665FC3E0048FCAE /* CustomView.swift in Sources */,
				2DF58B1C2665F64C0048FCAE /* AppDelegate.swift in Sources */,
				2DF58B1E2665F64C0048FCAE /* SceneDelegate.swift in Sources */,
			);
			runOnlyForDeploymentPostprocessing = 0;
		};
		2DF58B2A2665F64F0048FCAE /* Sources */ = {
			isa = PBXSourcesBuildPhase;
			buildActionMask = 2147483647;
			files = (
				2DF58B332665F64F0048FCAE /* CustomViewDesignTests.swift in Sources */,
			);
			runOnlyForDeploymentPostprocessing = 0;
		};
		2DF58B352665F64F0048FCAE /* Sources */ = {
			isa = PBXSourcesBuildPhase;
			buildActionMask = 2147483647;
			files = (
				2DF58B3E2665F64F0048FCAE /* CustomViewDesignUITests.swift in Sources */,
			);
			runOnlyForDeploymentPostprocessing = 0;
		};
/* End PBXSourcesBuildPhase section */

/* Begin PBXTargetDependency section */
		2DF58B302665F64F0048FCAE /* PBXTargetDependency */ = {
			isa = PBXTargetDependency;
			target = 2DF58B172665F64C0048FCAE /* CustomViewDesign */;
			targetProxy = 2DF58B2F2665F64F0048FCAE /* PBXContainerItemProxy */;
		};
		2DF58B3B2665F64F0048FCAE /* PBXTargetDependency */ = {
			isa = PBXTargetDependency;
			target = 2DF58B172665F64C0048FCAE /* CustomViewDesign */;
			targetProxy = 2DF58B3A2665F64F0048FCAE /* PBXContainerItemProxy */;
		};
/* End PBXTargetDependency section */

/* Begin PBXVariantGroup section */
		2DF58B212665F64C0048FCAE /* Main.storyboard */ = {
			isa = PBXVariantGroup;
			children = (
				2DF58B222665F64C0048FCAE /* Base */,
			);
			name = Main.storyboard;
			sourceTree = "<group>";
		};
		2DF58B262665F64F0048FCAE /* LaunchScreen.storyboard */ = {
			isa = PBXVariantGroup;
			children = (
				2DF58B272665F64F0048FCAE /* Base */,
			);
			name = LaunchScreen.storyboard;
			sourceTree = "<group>";
		};
/* End PBXVariantGroup section */

/* Begin XCBuildConfiguration section */
		2DF58B402665F64F0048FCAE /* Debug */ = {
			isa = XCBuildConfiguration;
			buildSettings = {
				ALWAYS_SEARCH_USER_PATHS = NO;
				CLANG_ANALYZER_NONNULL = YES;
				CLANG_ANALYZER_NUMBER_OBJECT_CONVERSION = YES_AGGRESSIVE;
				CLANG_CXX_LANGUAGE_STANDARD = "gnu++14";
				CLANG_CXX_LIBRARY = "libc++";
				CLANG_ENABLE_MODULES = YES;
				CLANG_ENABLE_OBJC_ARC = YES;
				CLANG_ENABLE_OBJC_WEAK = YES;
				CLANG_WARN_BLOCK_CAPTURE_AUTORELEASING = YES;
				CLANG_WARN_BOOL_CONVERSION = YES;
				CLANG_WARN_COMMA = YES;
				CLANG_WARN_CONSTANT_CONVERSION = YES;
				CLANG_WARN_DEPRECATED_OBJC_IMPLEMENTATIONS = YES;
				CLANG_WARN_DIRECT_OBJC_ISA_USAGE = YES_ERROR;
				CLANG_WARN_DOCUMENTATION_COMMENTS = YES;
				CLANG_WARN_EMPTY_BODY = YES;
				CLANG_WARN_ENUM_CONVERSION = YES;
				CLANG_WARN_INFINITE_RECURSION = YES;
				CLANG_WARN_INT_CONVERSION = YES;
				CLANG_WARN_NON_LITERAL_NULL_CONVERSION = YES;
				CLANG_WARN_OBJC_IMPLICIT_RETAIN_SELF = YES;
				CLANG_WARN_OBJC_LITERAL_CONVERSION = YES;
				CLANG_WARN_OBJC_ROOT_CLASS = YES_ERROR;
				CLANG_WARN_QUOTED_INCLUDE_IN_FRAMEWORK_HEADER = YES;
				CLANG_WARN_RANGE_LOOP_ANALYSIS = YES;
				CLANG_WARN_STRICT_PROTOTYPES = YES;
				CLANG_WARN_SUSPICIOUS_MOVE = YES;
				CLANG_WARN_UNGUARDED_AVAILABILITY = YES_AGGRESSIVE;
				CLANG_WARN_UNREACHABLE_CODE = YES;
				CLANG_WARN__DUPLICATE_METHOD_MATCH = YES;
				COPY_PHASE_STRIP = NO;
				DEBUG_INFORMATION_FORMAT = dwarf;
				ENABLE_STRICT_OBJC_MSGSEND = YES;
				ENABLE_TESTABILITY = YES;
				GCC_C_LANGUAGE_STANDARD = gnu11;
				GCC_DYNAMIC_NO_PIC = NO;
				GCC_NO_COMMON_BLOCKS = YES;
				GCC_OPTIMIZATION_LEVEL = 0;
				GCC_PREPROCESSOR_DEFINITIONS = (
					"DEBUG=1",
					"$(inherited)",
				);
				GCC_WARN_64_TO_32_BIT_CONVERSION = YES;
				GCC_WARN_ABOUT_RETURN_TYPE = YES_ERROR;
				GCC_WARN_UNDECLARED_SELECTOR = YES;
				GCC_WARN_UNINITIALIZED_AUTOS = YES_AGGRESSIVE;
				GCC_WARN_UNUSED_FUNCTION = YES;
				GCC_WARN_UNUSED_VARIABLE = YES;
				IPHONEOS_DEPLOYMENT_TARGET = 14.5;
				MTL_ENABLE_DEBUG_INFO = INCLUDE_SOURCE;
				MTL_FAST_MATH = YES;
				ONLY_ACTIVE_ARCH = YES;
				SDKROOT = iphoneos;
				SWIFT_ACTIVE_COMPILATION_CONDITIONS = DEBUG;
				SWIFT_OPTIMIZATION_LEVEL = "-Onone";
			};
			name = Debug;
		};
		2DF58B412665F64F0048FCAE /* Release */ = {
			isa = XCBuildConfiguration;
			buildSettings = {
				ALWAYS_SEARCH_USER_PATHS = NO;
				CLANG_ANALYZER_NONNULL = YES;
				CLANG_ANALYZER_NUMBER_OBJECT_CONVERSION = YES_AGGRESSIVE;
				CLANG_CXX_LANGUAGE_STANDARD = "gnu++14";
				CLANG_CXX_LIBRARY = "libc++";
				CLANG_ENABLE_MODULES = YES;
				CLANG_ENABLE_OBJC_ARC = YES;
				CLANG_ENABLE_OBJC_WEAK = YES;
				CLANG_WARN_BLOCK_CAPTURE_AUTORELEASING = YES;
				CLANG_WARN_BOOL_CONVERSION = YES;
				CLANG_WARN_COMMA = YES;
				CLANG_WARN_CONSTANT_CONVERSION = YES;
				CLANG_WARN_DEPRECATED_OBJC_IMPLEMENTATIONS = YES;
				CLANG_WARN_DIRECT_OBJC_ISA_USAGE = YES_ERROR;
				CLANG_WARN_DOCUMENTATION_COMMENTS = YES;
				CLANG_WARN_EMPTY_BODY = YES;
				CLANG_WARN_ENUM_CONVERSION = YES;
				CLANG_WARN_INFINITE_RECURSION = YES;
				CLANG_WARN_INT_CONVERSION = YES;
				CLANG_WARN_NON_LITERAL_NULL_CONVERSION = YES;
				CLANG_WARN_OBJC_IMPLICIT_RETAIN_SELF = YES;
				CLANG_WARN_OBJC_LITERAL_CONVERSION = YES;
				CLANG_WARN_OBJC_ROOT_CLASS = YES_ERROR;
				CLANG_WARN_QUOTED_INCLUDE_IN_FRAMEWORK_HEADER = YES;
				CLANG_WARN_RANGE_LOOP_ANALYSIS = YES;
				CLANG_WARN_STRICT_PROTOTYPES = YES;
				CLANG_WARN_SUSPICIOUS_MOVE = YES;
				CLANG_WARN_UNGUARDED_AVAILABILITY = YES_AGGRESSIVE;
				CLANG_WARN_UNREACHABLE_CODE = YES;
				CLANG_WARN__DUPLICATE_METHOD_MATCH = YES;
				COPY_PHASE_STRIP = NO;
				DEBUG_INFORMATION_FORMAT = "dwarf-with-dsym";
				ENABLE_NS_ASSERTIONS = NO;
				ENABLE_STRICT_OBJC_MSGSEND = YES;
				GCC_C_LANGUAGE_STANDARD = gnu11;
				GCC_NO_COMMON_BLOCKS = YES;
				GCC_WARN_64_TO_32_BIT_CONVERSION = YES;
				GCC_WARN_ABOUT_RETURN_TYPE = YES_ERROR;
				GCC_WARN_UNDECLARED_SELECTOR = YES;
				GCC_WARN_UNINITIALIZED_AUTOS = YES_AGGRESSIVE;
				GCC_WARN_UNUSED_FUNCTION = YES;
				GCC_WARN_UNUSED_VARIABLE = YES;
				IPHONEOS_DEPLOYMENT_TARGET = 14.5;
				MTL_ENABLE_DEBUG_INFO = NO;
				MTL_FAST_MATH = YES;
				SDKROOT = iphoneos;
				SWIFT_COMPILATION_MODE = wholemodule;
				SWIFT_OPTIMIZATION_LEVEL = "-O";
				VALIDATE_PRODUCT = YES;
			};
			name = Release;
		};
		2DF58B432665F64F0048FCAE /* Debug */ = {
			isa = XCBuildConfiguration;
			baseConfigurationReference = 022351A3A51F297579A177F9 /* Pods-CustomViewDesign.debug.xcconfig */;
			buildSettings = {
				ASSETCATALOG_COMPILER_APPICON_NAME = AppIcon;
				ASSETCATALOG_COMPILER_GLOBAL_ACCENT_COLOR_NAME = AccentColor;
				CODE_SIGN_STYLE = Automatic;
				INFOPLIST_FILE = CustomViewDesign/Info.plist;
				IPHONEOS_DEPLOYMENT_TARGET = 11.0;
				LD_RUNPATH_SEARCH_PATHS = (
					"$(inherited)",
					"@executable_path/Frameworks",
				);
				PRODUCT_BUNDLE_IDENTIFIER = Surya.CustomViewDesign;
				PRODUCT_NAME = "$(TARGET_NAME)";
				SWIFT_VERSION = 5.0;
				TARGETED_DEVICE_FAMILY = "1,2";
			};
			name = Debug;
		};
		2DF58B442665F64F0048FCAE /* Release */ = {
			isa = XCBuildConfiguration;
			baseConfigurationReference = AD5E36103680EDA668CF2929 /* Pods-CustomViewDesign.release.xcconfig */;
			buildSettings = {
				ASSETCATALOG_COMPILER_APPICON_NAME = AppIcon;
				ASSETCATALOG_COMPILER_GLOBAL_ACCENT_COLOR_NAME = AccentColor;
				CODE_SIGN_STYLE = Automatic;
				INFOPLIST_FILE = CustomViewDesign/Info.plist;
				IPHONEOS_DEPLOYMENT_TARGET = 11.0;
				LD_RUNPATH_SEARCH_PATHS = (
					"$(inherited)",
					"@executable_path/Frameworks",
				);
				PRODUCT_BUNDLE_IDENTIFIER = Surya.CustomViewDesign;
				PRODUCT_NAME = "$(TARGET_NAME)";
				SWIFT_VERSION = 5.0;
				TARGETED_DEVICE_FAMILY = "1,2";
			};
			name = Release;
		};
		2DF58B462665F64F0048FCAE /* Debug */ = {
			isa = XCBuildConfiguration;
			baseConfigurationReference = F8D7C018523A9401823DFEE7 /* Pods-CustomViewDesignTests.debug.xcconfig */;
			buildSettings = {
				ALWAYS_EMBED_SWIFT_STANDARD_LIBRARIES = YES;
				BUNDLE_LOADER = "$(TEST_HOST)";
				CODE_SIGN_STYLE = Automatic;
				INFOPLIST_FILE = CustomViewDesignTests/Info.plist;
				IPHONEOS_DEPLOYMENT_TARGET = 14.5;
				LD_RUNPATH_SEARCH_PATHS = (
					"$(inherited)",
					"@executable_path/Frameworks",
					"@loader_path/Frameworks",
				);
				PRODUCT_BUNDLE_IDENTIFIER = Surya.CustomViewDesignTests;
				PRODUCT_NAME = "$(TARGET_NAME)";
				SWIFT_VERSION = 5.0;
				TARGETED_DEVICE_FAMILY = "1,2";
				TEST_HOST = "$(BUILT_PRODUCTS_DIR)/CustomViewDesign.app/CustomViewDesign";
			};
			name = Debug;
		};
		2DF58B472665F64F0048FCAE /* Release */ = {
			isa = XCBuildConfiguration;
			baseConfigurationReference = 58FB72C5370D2A019AE32691 /* Pods-CustomViewDesignTests.release.xcconfig */;
			buildSettings = {
				ALWAYS_EMBED_SWIFT_STANDARD_LIBRARIES = YES;
				BUNDLE_LOADER = "$(TEST_HOST)";
				CODE_SIGN_STYLE = Automatic;
				INFOPLIST_FILE = CustomViewDesignTests/Info.plist;
				IPHONEOS_DEPLOYMENT_TARGET = 14.5;
				LD_RUNPATH_SEARCH_PATHS = (
					"$(inherited)",
					"@executable_path/Frameworks",
					"@loader_path/Frameworks",
				);
				PRODUCT_BUNDLE_IDENTIFIER = Surya.CustomViewDesignTests;
				PRODUCT_NAME = "$(TARGET_NAME)";
				SWIFT_VERSION = 5.0;
				TARGETED_DEVICE_FAMILY = "1,2";
				TEST_HOST = "$(BUILT_PRODUCTS_DIR)/CustomViewDesign.app/CustomViewDesign";
			};
			name = Release;
		};
		2DF58B492665F64F0048FCAE /* Debug */ = {
			isa = XCBuildConfiguration;
			baseConfigurationReference = 57D374B7647234ED31736B79 /* Pods-CustomViewDesign-CustomViewDesignUITests.debug.xcconfig */;
			buildSettings = {
				ALWAYS_EMBED_SWIFT_STANDARD_LIBRARIES = YES;
				CODE_SIGN_STYLE = Automatic;
				INFOPLIST_FILE = CustomViewDesignUITests/Info.plist;
				LD_RUNPATH_SEARCH_PATHS = (
					"$(inherited)",
					"@executable_path/Frameworks",
					"@loader_path/Frameworks",
				);
				PRODUCT_BUNDLE_IDENTIFIER = Surya.CustomViewDesignUITests;
				PRODUCT_NAME = "$(TARGET_NAME)";
				SWIFT_VERSION = 5.0;
				TARGETED_DEVICE_FAMILY = "1,2";
				TEST_TARGET_NAME = CustomViewDesign;
			};
			name = Debug;
		};
		2DF58B4A2665F64F0048FCAE /* Release */ = {
			isa = XCBuildConfiguration;
			baseConfigurationReference = 7C484BE4341243B0E7067424 /* Pods-CustomViewDesign-CustomViewDesignUITests.release.xcconfig */;
			buildSettings = {
				ALWAYS_EMBED_SWIFT_STANDARD_LIBRARIES = YES;
				CODE_SIGN_STYLE = Automatic;
				INFOPLIST_FILE = CustomViewDesignUITests/Info.plist;
				LD_RUNPATH_SEARCH_PATHS = (
					"$(inherited)",
					"@executable_path/Frameworks",
					"@loader_path/Frameworks",
				);
				PRODUCT_BUNDLE_IDENTIFIER = Surya.CustomViewDesignUITests;
				PRODUCT_NAME = "$(TARGET_NAME)";
				SWIFT_VERSION = 5.0;
				TARGETED_DEVICE_FAMILY = "1,2";
				TEST_TARGET_NAME = CustomViewDesign;
			};
			name = Release;
		};
/* End XCBuildConfiguration section */

/* Begin XCConfigurationList section */
		2DF58B132665F64C0048FCAE /* Build configuration list for PBXProject "CustomViewDesign" */ = {
			isa = XCConfigurationList;
			buildConfigurations = (
				2DF58B402665F64F0048FCAE /* Debug */,
				2DF58B412665F64F0048FCAE /* Release */,
			);
			defaultConfigurationIsVisible = 0;
			defaultConfigurationName = Release;
		};
		2DF58B422665F64F0048FCAE /* Build configuration list for PBXNativeTarget "CustomViewDesign" */ = {
			isa = XCConfigurationList;
			buildConfigurations = (
				2DF58B432665F64F0048FCAE /* Debug */,
				2DF58B442665F64F0048FCAE /* Release */,
			);
			defaultConfigurationIsVisible = 0;
			defaultConfigurationName = Release;
		};
		2DF58B452665F64F0048FCAE /* Build configuration list for PBXNativeTarget "CustomViewDesignTests" */ = {
			isa = XCConfigurationList;
			buildConfigurations = (
				2DF58B462665F64F0048FCAE /* Debug */,
				2DF58B472665F64F0048FCAE /* Release */,
			);
			defaultConfigurationIsVisible = 0;
			defaultConfigurationName = Release;
		};
		2DF58B482665F64F0048FCAE /* Build configuration list for PBXNativeTarget "CustomViewDesignUITests" */ = {
			isa = XCConfigurationList;
			buildConfigurations = (
				2DF58B492665F64F0048FCAE /* Debug */,
				2DF58B4A2665F64F0048FCAE /* Release */,
			);
			defaultConfigurationIsVisible = 0;
			defaultConfigurationName = Release;
		};
/* End XCConfigurationList section */
	};
	rootObject = 2DF58B102665F64C0048FCAE /* Project object */;
}
